
Microsoft Visual Studio Solution File, Format Version 12.00
# Visual Studio Version 17
VisualStudioVersion = 17.4.33213.308
MinimumVisualStudioVersion = 10.0.40219.1
Project("{FAE04EC0-301F-11D3-BF4B-00C04F79EFBC}") = "TimeSpanCalisma", "TimeSpanCalisma\TimeSpanCalisma.csproj", "{19547CC2-2735-4517-8755-D95ED52C3C95}"
EndProject
Global
	GlobalSection(SolutionConfigurationPlatforms) = preSolution
		Debug|Any CPU = Debug|Any CPU
		Release|Any CPU = Release|Any CPU
	EndGlobalSection
	GlobalSection(ProjectConfigurationPlatforms) = postSolution
		{19547CC2-2735-4517-8755-D95ED52C3C95}.Debug|Any CPU.ActiveCfg = Debug|Any CPU
		{19547CC2-2735-4517-8755-D95ED52C3C95}.Debug|Any CPU.Build.0 = Debug|Any CPU
		{19547CC2-2735-4517-8755-D95ED52C3C95}.Release|Any CPU.ActiveCfg = Release|Any CPU
		{19547CC2-2735-4517-8755-D95ED52C3C95}.Release|Any CPU.Build.0 = Release|Any CPU
	EndGlobalSection
	GlobalSection(SolutionProperties) = preSolution
		HideSolutionNode = FALSE
	EndGlobalSection
	GlobalSection(ExtensibilityGlobals) = postSolution
		SolutionGuid = {017DC8E3-A6D2-4A17-A430-F0EA6FAEF63E}
	EndGlobalSection
EndGlobal
